{
  "name": "py-messenger",
  "lockfileVersion": 2,
  "requires": true,
  "packages": {
    "": {
      "dependencies": {
        "v-mask": "^2.2.4"
      }
    },
    "node_modules/v-mask": {
      "version": "2.2.4",
      "resolved": "https://registry.npmjs.org/v-mask/-/v-mask-2.2.4.tgz",
      "integrity": "sha512-d78Rhpz/cCwLsSJ50UJ+volzylU6Iq3O4La1Aj3WTYCM0txfL9chgnCC6FHwNKqfHHtMEjdDh7gmpnsPz6tO6A=="
    }
  },
  "dependencies": {
    "v-mask": {
      "version": "2.2.4",
      "resolved": "https://registry.npmjs.org/v-mask/-/v-mask-2.2.4.tgz",
      "integrity": "sha512-d78Rhpz/cCwLsSJ50UJ+volzylU6Iq3O4La1Aj3WTYCM0txfL9chgnCC6FHwNKqfHHtMEjdDh7gmpnsPz6tO6A=="
    }
  }
}
